
Microsoft Visual Studio Solution File, Format Version 12.00
Project("{FAE04EC0-301F-11D3-BF4B-00C04F79EFBC}") = "Uebung26_NamenArrayList", "Uebung26_NamenArrayList\Uebung26_NamenArrayList.csproj", "{2F756178-6C6E-48B3-8F78-1BE4F6014C0A}"
EndProject
Global
	GlobalSection(SolutionConfigurationPlatforms) = preSolution
		Debug|Any CPU = Debug|Any CPU
		Release|Any CPU = Release|Any CPU
	EndGlobalSection
	GlobalSection(ProjectConfigurationPlatforms) = postSolution
		{2F756178-6C6E-48B3-8F78-1BE4F6014C0A}.Debug|Any CPU.ActiveCfg = Debug|Any CPU
		{2F756178-6C6E-48B3-8F78-1BE4F6014C0A}.Debug|Any CPU.Build.0 = Debug|Any CPU
		{2F756178-6C6E-48B3-8F78-1BE4F6014C0A}.Release|Any CPU.ActiveCfg = Release|Any CPU
		{2F756178-6C6E-48B3-8F78-1BE4F6014C0A}.Release|Any CPU.Build.0 = Release|Any CPU
	EndGlobalSection
EndGlobal
