
Microsoft Visual Studio Solution File, Format Version 12.00
Project("{FAE04EC0-301F-11D3-BF4B-00C04F79EFBC}") = "Uebung31_Schneckenrennen", "Uebung31_Schneckenrennen\Uebung31_Schneckenrennen.csproj", "{2D1C1AB0-BB19-4682-BCDF-ED4644D60AD1}"
EndProject
Global
	GlobalSection(SolutionConfigurationPlatforms) = preSolution
		Debug|Any CPU = Debug|Any CPU
		Release|Any CPU = Release|Any CPU
	EndGlobalSection
	GlobalSection(ProjectConfigurationPlatforms) = postSolution
		{2D1C1AB0-BB19-4682-BCDF-ED4644D60AD1}.Debug|Any CPU.ActiveCfg = Debug|Any CPU
		{2D1C1AB0-BB19-4682-BCDF-ED4644D60AD1}.Debug|Any CPU.Build.0 = Debug|Any CPU
		{2D1C1AB0-BB19-4682-BCDF-ED4644D60AD1}.Release|Any CPU.ActiveCfg = Release|Any CPU
		{2D1C1AB0-BB19-4682-BCDF-ED4644D60AD1}.Release|Any CPU.Build.0 = Release|Any CPU
	EndGlobalSection
EndGlobal
